
Microsoft Visual Studio Solution File, Format Version 12.00
# Visual Studio Version 16
VisualStudioVersion = 16.0.30011.22
MinimumVisualStudioVersion = 10.0.40219.1
Project("{FAE04EC0-301F-11D3-BF4B-00C04F79EFBC}") = "Homework_Unity_module03", "Homework_Unity_module03\Homework_Unity_module03.csproj", "{1A6B441A-1C77-4ACE-955B-62196C5AC099}"
EndProject
Global
	GlobalSection(SolutionConfigurationPlatforms) = preSolution
		Debug|Any CPU = Debug|Any CPU
		Release|Any CPU = Release|Any CPU
	EndGlobalSection
	GlobalSection(ProjectConfigurationPlatforms) = postSolution
		{1A6B441A-1C77-4ACE-955B-62196C5AC099}.Debug|Any CPU.ActiveCfg = Debug|Any CPU
		{1A6B441A-1C77-4ACE-955B-62196C5AC099}.Debug|Any CPU.Build.0 = Debug|Any CPU
		{1A6B441A-1C77-4ACE-955B-62196C5AC099}.Release|Any CPU.ActiveCfg = Release|Any CPU
		{1A6B441A-1C77-4ACE-955B-62196C5AC099}.Release|Any CPU.Build.0 = Release|Any CPU
	EndGlobalSection
	GlobalSection(SolutionProperties) = preSolution
		HideSolutionNode = FALSE
	EndGlobalSection
	GlobalSection(ExtensibilityGlobals) = postSolution
		SolutionGuid = {7E884C5E-C85A-4704-A41B-E47337BDA197}
	EndGlobalSection
EndGlobal
